
Microsoft Visual Studio Solution File, Format Version 12.00
# Visual Studio Version 16
VisualStudioVersion = 16.0.31624.102
MinimumVisualStudioVersion = 10.0.40219.1
Project("{FAE04EC0-301F-11D3-BF4B-00C04F79EFBC}") = "MVCTrai1", "MVCTrai1\MVCTrai1.csproj", "{580E4A77-2D32-489D-A840-94F6B37F7600}"
EndProject
Global
	GlobalSection(SolutionConfigurationPlatforms) = preSolution
		Debug|Any CPU = Debug|Any CPU
		Release|Any CPU = Release|Any CPU
	EndGlobalSection
	GlobalSection(ProjectConfigurationPlatforms) = postSolution
		{580E4A77-2D32-489D-A840-94F6B37F7600}.Debug|Any CPU.ActiveCfg = Debug|Any CPU
		{580E4A77-2D32-489D-A840-94F6B37F7600}.Debug|Any CPU.Build.0 = Debug|Any CPU
		{580E4A77-2D32-489D-A840-94F6B37F7600}.Release|Any CPU.ActiveCfg = Release|Any CPU
		{580E4A77-2D32-489D-A840-94F6B37F7600}.Release|Any CPU.Build.0 = Release|Any CPU
	EndGlobalSection
	GlobalSection(SolutionProperties) = preSolution
		HideSolutionNode = FALSE
	EndGlobalSection
	GlobalSection(ExtensibilityGlobals) = postSolution
		SolutionGuid = {AFD2FF3A-EF58-4CCC-B513-BE385A92F5A0}
	EndGlobalSection
EndGlobal
